
Microsoft Visual Studio Solution File, Format Version 10.00
# Visual Studio 2008
Project("{FAE04EC0-301F-11D3-BF4B-00C04F79EFBC}") = "ConsoleServer", "ConsoleServer\ConsoleServer.csproj", "{D4094F72-B9B2-488D-AD41-AC269FB4DDFF}"
EndProject
Project("{FAE04EC0-301F-11D3-BF4B-00C04F79EFBC}") = "CommunicationBase", "SocketDemo\CommunicationBase.csproj", "{9D4ECCD6-FD01-4873-B67F-BCDA93213632}"
EndProject
Project("{FAE04EC0-301F-11D3-BF4B-00C04F79EFBC}") = "SkytraqFinalTestServer", "SkytraqFinalTestServer\SkytraqFinalTestServer.csproj", "{DBD4512B-9533-485D-B361-3432685BA51C}"
EndProject
Global
	GlobalSection(SolutionConfigurationPlatforms) = preSolution
		Debug|Any CPU = Debug|Any CPU
		Release|Any CPU = Release|Any CPU
	EndGlobalSection
	GlobalSection(ProjectConfigurationPlatforms) = postSolution
		{D4094F72-B9B2-488D-AD41-AC269FB4DDFF}.Debug|Any CPU.ActiveCfg = Debug|Any CPU
		{D4094F72-B9B2-488D-AD41-AC269FB4DDFF}.Debug|Any CPU.Build.0 = Debug|Any CPU
		{D4094F72-B9B2-488D-AD41-AC269FB4DDFF}.Release|Any CPU.ActiveCfg = Release|Any CPU
		{D4094F72-B9B2-488D-AD41-AC269FB4DDFF}.Release|Any CPU.Build.0 = Release|Any CPU
		{9D4ECCD6-FD01-4873-B67F-BCDA93213632}.Debug|Any CPU.ActiveCfg = Debug|Any CPU
		{9D4ECCD6-FD01-4873-B67F-BCDA93213632}.Debug|Any CPU.Build.0 = Debug|Any CPU
		{9D4ECCD6-FD01-4873-B67F-BCDA93213632}.Release|Any CPU.ActiveCfg = Release|Any CPU
		{9D4ECCD6-FD01-4873-B67F-BCDA93213632}.Release|Any CPU.Build.0 = Release|Any CPU
		{DBD4512B-9533-485D-B361-3432685BA51C}.Debug|Any CPU.ActiveCfg = Debug|Any CPU
		{DBD4512B-9533-485D-B361-3432685BA51C}.Debug|Any CPU.Build.0 = Debug|Any CPU
		{DBD4512B-9533-485D-B361-3432685BA51C}.Release|Any CPU.ActiveCfg = Release|Any CPU
		{DBD4512B-9533-485D-B361-3432685BA51C}.Release|Any CPU.Build.0 = Release|Any CPU
	EndGlobalSection
	GlobalSection(SolutionProperties) = preSolution
		HideSolutionNode = FALSE
	EndGlobalSection
EndGlobal
